
Microsoft Visual Studio Solution File, Format Version 12.00
# Visual Studio 15
VisualStudioVersion = 15.0.27703.2042
MinimumVisualStudioVersion = 10.0.40219.1
Project("{9A19103F-16F7-4668-BE54-9A1E7A4F7556}") = "AsrWebApi", "AsrWebApi\AsrWebApi.csproj", "{B9DBD25B-3178-421A-8EBB-AFA75A7C5D6E}"
EndProject
Global
	GlobalSection(SolutionConfigurationPlatforms) = preSolution
		Debug|Any CPU = Debug|Any CPU
		Release|Any CPU = Release|Any CPU
	EndGlobalSection
	GlobalSection(ProjectConfigurationPlatforms) = postSolution
		{B9DBD25B-3178-421A-8EBB-AFA75A7C5D6E}.Debug|Any CPU.ActiveCfg = Debug|Any CPU
		{B9DBD25B-3178-421A-8EBB-AFA75A7C5D6E}.Debug|Any CPU.Build.0 = Debug|Any CPU
		{B9DBD25B-3178-421A-8EBB-AFA75A7C5D6E}.Release|Any CPU.ActiveCfg = Release|Any CPU
		{B9DBD25B-3178-421A-8EBB-AFA75A7C5D6E}.Release|Any CPU.Build.0 = Release|Any CPU
	EndGlobalSection
	GlobalSection(SolutionProperties) = preSolution
		HideSolutionNode = FALSE
	EndGlobalSection
	GlobalSection(ExtensibilityGlobals) = postSolution
		SolutionGuid = {B58B276F-A38F-4406-9C9E-A281B926495C}
	EndGlobalSection
EndGlobal
